
Microsoft Visual Studio Solution File, Format Version 12.00
# Visual Studio Version 17
VisualStudioVersion = 17.8.34511.84
MinimumVisualStudioVersion = 10.0.40219.1
Project("{FAE04EC0-301F-11D3-BF4B-00C04F79EFBC}") = "DiskCleaner", "DiskCleaner\DiskCleaner.csproj", "{98D34676-3D54-43B2-B001-4B605A048F73}"
EndProject
Global
	GlobalSection(SolutionConfigurationPlatforms) = preSolution
		Debug|Any CPU = Debug|Any CPU
		Release|Any CPU = Release|Any CPU
	EndGlobalSection
	GlobalSection(ProjectConfigurationPlatforms) = postSolution
		{98D34676-3D54-43B2-B001-4B605A048F73}.Debug|Any CPU.ActiveCfg = Debug|Any CPU
		{98D34676-3D54-43B2-B001-4B605A048F73}.Debug|Any CPU.Build.0 = Debug|Any CPU
		{98D34676-3D54-43B2-B001-4B605A048F73}.Release|Any CPU.ActiveCfg = Release|Any CPU
		{98D34676-3D54-43B2-B001-4B605A048F73}.Release|Any CPU.Build.0 = Release|Any CPU
	EndGlobalSection
	GlobalSection(SolutionProperties) = preSolution
		HideSolutionNode = FALSE
	EndGlobalSection
	GlobalSection(ExtensibilityGlobals) = postSolution
		SolutionGuid = {ABF35616-9055-453C-B3E8-1D8C5A716DA6}
	EndGlobalSection
EndGlobal
